// !$*UTF8*$!
{
	archiveVersion = 1;
	classes = {
	};
	objectVersion = 46;
	objects = {

/* Begin PBXBuildFile section */
		71110B2319DB3E5B009DD217 /* AppDelegate.swift in Sources */ = {isa = PBXBuildFile; fileRef = 71110B2219DB3E5B009DD217 /* AppDelegate.swift */; };
		71110B2519DB3E5B009DD217 /* ViewController.swift in Sources */ = {isa = PBXBuildFile; fileRef = 71110B2419DB3E5B009DD217 /* ViewController.swift */; };
		71110B2819DB3E5B009DD217 /* Main.storyboard in Resources */ = {isa = PBXBuildFile; fileRef = 71110B2619DB3E5B009DD217 /* Main.storyboard */; };
		71110B2A19DB3E5B009DD217 /* Images.xcassets in Resources */ = {isa = PBXBuildFile; fileRef = 71110B2919DB3E5B009DD217 /* Images.xcassets */; };
		71110B2D19DB3E5B009DD217 /* LaunchScreen.xib in Resources */ = {isa = PBXBuildFile; fileRef = 71110B2B19DB3E5B009DD217 /* LaunchScreen.xib */; };
		71110B3919DB3E5B009DD217 /* DATS_FinderTests.swift in Sources */ = {isa = PBXBuildFile; fileRef = 71110B3819DB3E5B009DD217 /* DATS_FinderTests.swift */; };
		71110B4619DB4CE4009DD217 /* stations.json in Resources */ = {isa = PBXBuildFile; fileRef = 71110B4419DB4CE4009DD217 /* stations.json */; };
		71110B4719DB4CE4009DD217 /* TemplateIcon2x.png in Resources */ = {isa = PBXBuildFile; fileRef = 71110B4519DB4CE4009DD217 /* TemplateIcon2x.png */; };
		71110B4919DB4DF5009DD217 /* StationProvider.swift in Sources */ = {isa = PBXBuildFile; fileRef = 71110B4819DB4DF5009DD217 /* StationProvider.swift */; };
		71110B4E19DC873D009DD217 /* FuelStation.swift in Sources */ = {isa = PBXBuildFile; fileRef = 71110B4D19DC873D009DD217 /* FuelStation.swift */; };
		71110B5319DDDB61009DD217 /* KmlDocumentParser.swift in Sources */ = {isa = PBXBuildFile; fileRef = 71110B5219DDDB61009DD217 /* KmlDocumentParser.swift */; };
		71110B5519DDDBE5009DD217 /* KmlPlacemarkParser.swift in Sources */ = {isa = PBXBuildFile; fileRef = 71110B5419DDDBE5009DD217 /* KmlPlacemarkParser.swift */; };
		71110B5719DDDC55009DD217 /* KmlPlacemark.swift in Sources */ = {isa = PBXBuildFile; fileRef = 71110B5619DDDC55009DD217 /* KmlPlacemark.swift */; };
		71110B5919DDDE57009DD217 /* KmlTextParser.swift in Sources */ = {isa = PBXBuildFile; fileRef = 71110B5819DDDE57009DD217 /* KmlTextParser.swift */; };
/* End PBXBuildFile section */

/* Begin PBXContainerItemProxy section */
		71110B3319DB3E5B009DD217 /* PBXContainerItemProxy */ = {
			isa = PBXContainerItemProxy;
			containerPortal = 71110B1519DB3E5B009DD217 /* Project object */;
			proxyType = 1;
			remoteGlobalIDString = 71110B1C19DB3E5B009DD217;
			remoteInfo = "DATS Finder";
		};
/* End PBXContainerItemProxy section */

/* Begin PBXFileReference section */
		71110B1D19DB3E5B009DD217 /* DATS Finder.app */ = {isa = PBXFileReference; explicitFileType = wrapper.application; includeInIndex = 0; path = "DATS Finder.app"; sourceTree = BUILT_PRODUCTS_DIR; };
		71110B2119DB3E5B009DD217 /* Info.plist */ = {isa = PBXFileReference; lastKnownFileType = text.plist.xml; path = Info.plist; sourceTree = "<group>"; };
		71110B2219DB3E5B009DD217 /* AppDelegate.swift */ = {isa = PBXFileReference; lastKnownFileType = sourcecode.swift; path = AppDelegate.swift; sourceTree = "<group>"; };
		71110B2419DB3E5B009DD217 /* ViewController.swift */ = {isa = PBXFileReference; lastKnownFileType = sourcecode.swift; path = ViewController.swift; sourceTree = "<group>"; };
		71110B2719DB3E5B009DD217 /* Base */ = {isa = PBXFileReference; lastKnownFileType = file.storyboard; name = Base; path = Base.lproj/Main.storyboard; sourceTree = "<group>"; };
		71110B2919DB3E5B009DD217 /* Images.xcassets */ = {isa = PBXFileReference; lastKnownFileType = folder.assetcatalog; path = Images.xcassets; sourceTree = "<group>"; };
		71110B2C19DB3E5B009DD217 /* Base */ = {isa = PBXFileReference; lastKnownFileType = file.xib; name = Base; path = Base.lproj/LaunchScreen.xib; sourceTree = "<group>"; };
		71110B3219DB3E5B009DD217 /* DATS FinderTests.xctest */ = {isa = PBXFileReference; explicitFileType = wrapper.cfbundle; includeInIndex = 0; path = "DATS FinderTests.xctest"; sourceTree = BUILT_PRODUCTS_DIR; };
		71110B3719DB3E5B009DD217 /* Info.plist */ = {isa = PBXFileReference; lastKnownFileType = text.plist.xml; path = Info.plist; sourceTree = "<group>"; };
		71110B3819DB3E5B009DD217 /* DATS_FinderTests.swift */ = {isa = PBXFileReference; lastKnownFileType = sourcecode.swift; path = DATS_FinderTests.swift; sourceTree = "<group>"; };
		71110B4419DB4CE4009DD217 /* stations.json */ = {isa = PBXFileReference; fileEncoding = 4; lastKnownFileType = text.json; path = stations.json; sourceTree = "<group>"; };
		71110B4519DB4CE4009DD217 /* TemplateIcon2x.png */ = {isa = PBXFileReference; lastKnownFileType = image.png; path = TemplateIcon2x.png; sourceTree = "<group>"; };
		71110B4819DB4DF5009DD217 /* StationProvider.swift */ = {isa = PBXFileReference; fileEncoding = 4; lastKnownFileType = sourcecode.swift; path = StationProvider.swift; sourceTree = "<group>"; };
		71110B4C19DC8470009DD217 /* MyPlayground.playground */ = {isa = PBXFileReference; lastKnownFileType = file.playground; path = MyPlayground.playground; sourceTree = "<group>"; };
		71110B4D19DC873D009DD217 /* FuelStation.swift */ = {isa = PBXFileReference; fileEncoding = 4; lastKnownFileType = sourcecode.swift; path = FuelStation.swift; sourceTree = "<group>"; };
		71110B5219DDDB61009DD217 /* KmlDocumentParser.swift */ = {isa = PBXFileReference; fileEncoding = 4; lastKnownFileType = sourcecode.swift; path = KmlDocumentParser.swift; sourceTree = "<group>"; };
		71110B5419DDDBE5009DD217 /* KmlPlacemarkParser.swift */ = {isa = PBXFileReference; fileEncoding = 4; lastKnownFileType = sourcecode.swift; path = KmlPlacemarkParser.swift; sourceTree = "<group>"; };
		71110B5619DDDC55009DD217 /* KmlPlacemark.swift */ = {isa = PBXFileReference; fileEncoding = 4; lastKnownFileType = sourcecode.swift; path = KmlPlacemark.swift; sourceTree = "<group>"; };
		71110B5819DDDE57009DD217 /* KmlTextParser.swift */ = {isa = PBXFileReference; fileEncoding = 4; lastKnownFileType = sourcecode.swift; path = KmlTextParser.swift; sourceTree = "<group>"; };
/* End PBXFileReference section */

/* Begin PBXFrameworksBuildPhase section */
		71110B1A19DB3E5B009DD217 /* Frameworks */ = {
			isa = PBXFrameworksBuildPhase;
			buildActionMask = 2147483647;
			files = (
			);
			runOnlyForDeploymentPostprocessing = 0;
		};
		71110B2F19DB3E5B009DD217 /* Frameworks */ = {
			isa = PBXFrameworksBuildPhase;
			buildActionMask = 2147483647;
			files = (
			);
			runOnlyForDeploymentPostprocessing = 0;
		};
/* End PBXFrameworksBuildPhase section */

/* Begin PBXGroup section */
		71110B1419DB3E5B009DD217 = {
			isa = PBXGroup;
			children = (
				71110B1F19DB3E5B009DD217 /* DATS Finder */,
				71110B3519DB3E5B009DD217 /* DATS FinderTests */,
				71110B1E19DB3E5B009DD217 /* Products */,
			);
			sourceTree = "<group>";
		};
		71110B1E19DB3E5B009DD217 /* Products */ = {
			isa = PBXGroup;
			children = (
				71110B1D19DB3E5B009DD217 /* DATS Finder.app */,
				71110B3219DB3E5B009DD217 /* DATS FinderTests.xctest */,
			);
			name = Products;
			sourceTree = "<group>";
		};
		71110B1F19DB3E5B009DD217 /* DATS Finder */ = {
			isa = PBXGroup;
			children = (
				71110B5119DDDB38009DD217 /* KmlParser */,
				71110B2219DB3E5B009DD217 /* AppDelegate.swift */,
				71110B2419DB3E5B009DD217 /* ViewController.swift */,
				71110B2619DB3E5B009DD217 /* Main.storyboard */,
				71110B2919DB3E5B009DD217 /* Images.xcassets */,
				71110B2B19DB3E5B009DD217 /* LaunchScreen.xib */,
				71110B4419DB4CE4009DD217 /* stations.json */,
				71110B4519DB4CE4009DD217 /* TemplateIcon2x.png */,
				71110B4819DB4DF5009DD217 /* StationProvider.swift */,
				71110B4D19DC873D009DD217 /* FuelStation.swift */,
				71110B4C19DC8470009DD217 /* MyPlayground.playground */,
				71110B2019DB3E5B009DD217 /* Supporting Files */,
			);
			path = "DATS Finder";
			sourceTree = "<group>";
		};
		71110B2019DB3E5B009DD217 /* Supporting Files */ = {
			isa = PBXGroup;
			children = (
				71110B2119DB3E5B009DD217 /* Info.plist */,
			);
			name = "Supporting Files";
			sourceTree = "<group>";
		};
		71110B3519DB3E5B009DD217 /* DATS FinderTests */ = {
			isa = PBXGroup;
			children = (
				71110B3819DB3E5B009DD217 /* DATS_FinderTests.swift */,
				71110B3619DB3E5B009DD217 /* Supporting Files */,
			);
			path = "DATS FinderTests";
			sourceTree = "<group>";
		};
		71110B3619DB3E5B009DD217 /* Supporting Files */ = {
			isa = PBXGroup;
			children = (
				71110B3719DB3E5B009DD217 /* Info.plist */,
			);
			name = "Supporting Files";
			sourceTree = "<group>";
		};
		71110B5119DDDB38009DD217 /* KmlParser */ = {
			isa = PBXGroup;
			children = (
				71110B5219DDDB61009DD217 /* KmlDocumentParser.swift */,
				71110B5419DDDBE5009DD217 /* KmlPlacemarkParser.swift */,
				71110B5619DDDC55009DD217 /* KmlPlacemark.swift */,
				71110B5819DDDE57009DD217 /* KmlTextParser.swift */,
			);
			path = KmlParser;
			sourceTree = "<group>";
		};
/* End PBXGroup section */

/* Begin PBXNativeTarget section */
		71110B1C19DB3E5B009DD217 /* DATS Finder */ = {
			isa = PBXNativeTarget;
			buildConfigurationList = 71110B3C19DB3E5B009DD217 /* Build configuration list for PBXNativeTarget "DATS Finder" */;
			buildPhases = (
				71110B1919DB3E5B009DD217 /* Sources */,
				71110B1A19DB3E5B009DD217 /* Frameworks */,
				71110B1B19DB3E5B009DD217 /* Resources */,
			);
			buildRules = (
			);
			dependencies = (
			);
			name = "DATS Finder";
			productName = "DATS Finder";
			productReference = 71110B1D19DB3E5B009DD217 /* DATS Finder.app */;
			productType = "com.apple.product-type.application";
		};
		71110B3119DB3E5B009DD217 /* DATS FinderTests */ = {
			isa = PBXNativeTarget;
			buildConfigurationList = 71110B3F19DB3E5B009DD217 /* Build configuration list for PBXNativeTarget "DATS FinderTests" */;
			buildPhases = (
				71110B2E19DB3E5B009DD217 /* Sources */,
				71110B2F19DB3E5B009DD217 /* Frameworks */,
				71110B3019DB3E5B009DD217 /* Resources */,
			);
			buildRules = (
			);
			dependencies = (
				71110B3419DB3E5B009DD217 /* PBXTargetDependency */,
			);
			name = "DATS FinderTests";
			productName = "DATS FinderTests";
			productReference = 71110B3219DB3E5B009DD217 /* DATS FinderTests.xctest */;
			productType = "com.apple.product-type.bundle.unit-test";
		};
/* End PBXNativeTarget section */

/* Begin PBXProject section */
		71110B1519DB3E5B009DD217 /* Project object */ = {
			isa = PBXProject;
			attributes = {
				LastUpgradeCheck = 0600;
				ORGANIZATIONNAME = Aspyct.org;
				TargetAttributes = {
					71110B1C19DB3E5B009DD217 = {
						CreatedOnToolsVersion = 6.0.1;
						DevelopmentTeam = 8Z46JY66H3;
					};
					71110B3119DB3E5B009DD217 = {
						CreatedOnToolsVersion = 6.0.1;
						TestTargetID = 71110B1C19DB3E5B009DD217;
					};
				};
			};
			buildConfigurationList = 71110B1819DB3E5B009DD217 /* Build configuration list for PBXProject "DATS Finder" */;
			compatibilityVersion = "Xcode 3.2";
			developmentRegion = English;
			hasScannedForEncodings = 0;
			knownRegions = (
				en,
				Base,
			);
			mainGroup = 71110B1419DB3E5B009DD217;
			productRefGroup = 71110B1E19DB3E5B009DD217 /* Products */;
			projectDirPath = "";
			projectRoot = "";
			targets = (
				71110B1C19DB3E5B009DD217 /* DATS Finder */,
				71110B3119DB3E5B009DD217 /* DATS FinderTests */,
			);
		};
/* End PBXProject section */

/* Begin PBXResourcesBuildPhase section */
		71110B1B19DB3E5B009DD217 /* Resources */ = {
			isa = PBXResourcesBuildPhase;
			buildActionMask = 2147483647;
			files = (
				71110B4719DB4CE4009DD217 /* TemplateIcon2x.png in Resources */,
				71110B2819DB3E5B009DD217 /* Main.storyboard in Resources */,
				71110B2D19DB3E5B009DD217 /* LaunchScreen.xib in Resources */,
				71110B4619DB4CE4009DD217 /* stations.json in Resources */,
				71110B2A19DB3E5B009DD217 /* Images.xcassets in Resources */,
			);
			runOnlyForDeploymentPostprocessing = 0;
		};
		71110B3019DB3E5B009DD217 /* Resources */ = {
			isa = PBXResourcesBuildPhase;
			buildActionMask = 2147483647;
			files = (
			);
			runOnlyForDeploymentPostprocessing = 0;
		};
/* End PBXResourcesBuildPhase section */

/* Begin PBXSourcesBuildPhase section */
		71110B1919DB3E5B009DD217 /* Sources */ = {
			isa = PBXSourcesBuildPhase;
			buildActionMask = 2147483647;
			files = (
				71110B5719DDDC55009DD217 /* KmlPlacemark.swift in Sources */,
				71110B2519DB3E5B009DD217 /* ViewController.swift in Sources */,
				71110B4919DB4DF5009DD217 /* StationProvider.swift in Sources */,
				71110B5519DDDBE5009DD217 /* KmlPlacemarkParser.swift in Sources */,
				71110B5919DDDE57009DD217 /* KmlTextParser.swift in Sources */,
				71110B5319DDDB61009DD217 /* KmlDocumentParser.swift in Sources */,
				71110B4E19DC873D009DD217 /* FuelStation.swift in Sources */,
				71110B2319DB3E5B009DD217 /* AppDelegate.swift in Sources */,
			);
			runOnlyForDeploymentPostprocessing = 0;
		};
		71110B2E19DB3E5B009DD217 /* Sources */ = {
			isa = PBXSourcesBuildPhase;
			buildActionMask = 2147483647;
			files = (
				71110B3919DB3E5B009DD217 /* DATS_FinderTests.swift in Sources */,
			);
			runOnlyForDeploymentPostprocessing = 0;
		};
/* End PBXSourcesBuildPhase section */

/* Begin PBXTargetDependency section */
		71110B3419DB3E5B009DD217 /* PBXTargetDependency */ = {
			isa = PBXTargetDependency;
			target = 71110B1C19DB3E5B009DD217 /* DATS Finder */;
			targetProxy = 71110B3319DB3E5B009DD217 /* PBXContainerItemProxy */;
		};
/* End PBXTargetDependency section */

/* Begin PBXVariantGroup section */
		71110B2619DB3E5B009DD217 /* Main.storyboard */ = {
			isa = PBXVariantGroup;
			children = (
				71110B2719DB3E5B009DD217 /* Base */,
			);
			name = Main.storyboard;
			sourceTree = "<group>";
		};
		71110B2B19DB3E5B009DD217 /* LaunchScreen.xib */ = {
			isa = PBXVariantGroup;
			children = (
				71110B2C19DB3E5B009DD217 /* Base */,
			);
			name = LaunchScreen.xib;
			sourceTree = "<group>";
		};
/* End PBXVariantGroup section */

/* Begin XCBuildConfiguration section */
		71110B3A19DB3E5B009DD217 /* Debug */ = {
			isa = XCBuildConfiguration;
			buildSettings = {
				ALWAYS_SEARCH_USER_PATHS = NO;
				CLANG_CXX_LANGUAGE_STANDARD = "gnu++0x";
				CLANG_CXX_LIBRARY = "libc++";
				CLANG_ENABLE_MODULES = YES;
				CLANG_ENABLE_OBJC_ARC = YES;
				CLANG_WARN_BOOL_CONVERSION = YES;
				CLANG_WARN_CONSTANT_CONVERSION = YES;
				CLANG_WARN_DIRECT_OBJC_ISA_USAGE = YES_ERROR;
				CLANG_WARN_EMPTY_BODY = YES;
				CLANG_WARN_ENUM_CONVERSION = YES;
				CLANG_WARN_INT_CONVERSION = YES;
				CLANG_WARN_OBJC_ROOT_CLASS = YES_ERROR;
				CLANG_WARN_UNREACHABLE_CODE = YES;
				CLANG_WARN__DUPLICATE_METHOD_MATCH = YES;
				"CODE_SIGN_IDENTITY[sdk=iphoneos*]" = "iPhone Developer";
				COPY_PHASE_STRIP = NO;
				ENABLE_STRICT_OBJC_MSGSEND = YES;
				GCC_C_LANGUAGE_STANDARD = gnu99;
				GCC_DYNAMIC_NO_PIC = NO;
				GCC_OPTIMIZATION_LEVEL = 0;
				GCC_PREPROCESSOR_DEFINITIONS = (
					"DEBUG=1",
					"$(inherited)",
				);
				GCC_SYMBOLS_PRIVATE_EXTERN = NO;
				GCC_WARN_64_TO_32_BIT_CONVERSION = YES;
				GCC_WARN_ABOUT_RETURN_TYPE = YES_ERROR;
				GCC_WARN_UNDECLARED_SELECTOR = YES;
				GCC_WARN_UNINITIALIZED_AUTOS = YES_AGGRESSIVE;
				GCC_WARN_UNUSED_FUNCTION = YES;
				GCC_WARN_UNUSED_VARIABLE = YES;
				IPHONEOS_DEPLOYMENT_TARGET = 8.0;
				MTL_ENABLE_DEBUG_INFO = YES;
				ONLY_ACTIVE_ARCH = YES;
				SDKROOT = iphoneos;
				SWIFT_OPTIMIZATION_LEVEL = "-Onone";
			};
			name = Debug;
		};
		71110B3B19DB3E5B009DD217 /* Release */ = {
			isa = XCBuildConfiguration;
			buildSettings = {
				ALWAYS_SEARCH_USER_PATHS = NO;
				CLANG_CXX_LANGUAGE_STANDARD = "gnu++0x";
				CLANG_CXX_LIBRARY = "libc++";
				CLANG_ENABLE_MODULES = YES;
				CLANG_ENABLE_OBJC_ARC = YES;
				CLANG_WARN_BOOL_CONVERSION = YES;
				CLANG_WARN_CONSTANT_CONVERSION = YES;
				CLANG_WARN_DIRECT_OBJC_ISA_USAGE = YES_ERROR;
				CLANG_WARN_EMPTY_BODY = YES;
				CLANG_WARN_ENUM_CONVERSION = YES;
				CLANG_WARN_INT_CONVERSION = YES;
				CLANG_WARN_OBJC_ROOT_CLASS = YES_ERROR;
				CLANG_WARN_UNREACHABLE_CODE = YES;
				CLANG_WARN__DUPLICATE_METHOD_MATCH = YES;
				"CODE_SIGN_IDENTITY[sdk=iphoneos*]" = "iPhone Developer";
				COPY_PHASE_STRIP = YES;
				ENABLE_NS_ASSERTIONS = NO;
				ENABLE_STRICT_OBJC_MSGSEND = YES;
				GCC_C_LANGUAGE_STANDARD = gnu99;
				GCC_WARN_64_TO_32_BIT_CONVERSION = YES;
				GCC_WARN_ABOUT_RETURN_TYPE = YES_ERROR;
				GCC_WARN_UNDECLARED_SELECTOR = YES;
				GCC_WARN_UNINITIALIZED_AUTOS = YES_AGGRESSIVE;
				GCC_WARN_UNUSED_FUNCTION = YES;
				GCC_WARN_UNUSED_VARIABLE = YES;
				IPHONEOS_DEPLOYMENT_TARGET = 8.0;
				MTL_ENABLE_DEBUG_INFO = NO;
				SDKROOT = iphoneos;
				VALIDATE_PRODUCT = YES;
			};
			name = Release;
		};
		71110B3D19DB3E5B009DD217 /* Debug */ = {
			isa = XCBuildConfiguration;
			buildSettings = {
				ASSETCATALOG_COMPILER_APPICON_NAME = AppIcon;
				CODE_SIGN_IDENTITY = "iPhone Developer";
				"CODE_SIGN_IDENTITY[sdk=iphoneos*]" = "iPhone Developer";
				INFOPLIST_FILE = "DATS Finder/Info.plist";
				LD_RUNPATH_SEARCH_PATHS = "$(inherited) @executable_path/Frameworks";
				PRODUCT_NAME = "$(TARGET_NAME)";
				PROVISIONING_PROFILE = "";
			};
			name = Debug;
		};
		71110B3E19DB3E5B009DD217 /* Release */ = {
			isa = XCBuildConfiguration;
			buildSettings = {
				ASSETCATALOG_COMPILER_APPICON_NAME = AppIcon;
				CODE_SIGN_IDENTITY = "iPhone Developer";
				"CODE_SIGN_IDENTITY[sdk=iphoneos*]" = "iPhone Developer";
				INFOPLIST_FILE = "DATS Finder/Info.plist";
				LD_RUNPATH_SEARCH_PATHS = "$(inherited) @executable_path/Frameworks";
				PRODUCT_NAME = "$(TARGET_NAME)";
				PROVISIONING_PROFILE = "";
			};
			name = Release;
		};
		71110B4019DB3E5B009DD217 /* Debug */ = {
			isa = XCBuildConfiguration;
			buildSettings = {
				BUNDLE_LOADER = "$(TEST_HOST)";
				FRAMEWORK_SEARCH_PATHS = (
					"$(SDKROOT)/Developer/Library/Frameworks",
					"$(inherited)",
				);
				GCC_PREPROCESSOR_DEFINITIONS = (
					"DEBUG=1",
					"$(inherited)",
				);
				INFOPLIST_FILE = "DATS FinderTests/Info.plist";
				LD_RUNPATH_SEARCH_PATHS = "$(inherited) @executable_path/Frameworks @loader_path/Frameworks";
				PRODUCT_NAME = "$(TARGET_NAME)";
				TEST_HOST = "$(BUILT_PRODUCTS_DIR)/DATS Finder.app/DATS Finder";
			};
			name = Debug;
		};
		71110B4119DB3E5B009DD217 /* Release */ = {
			isa = XCBuildConfiguration;
			buildSettings = {
				BUNDLE_LOADER = "$(TEST_HOST)";
				FRAMEWORK_SEARCH_PATHS = (
					"$(SDKROOT)/Developer/Library/Frameworks",
					"$(inherited)",
				);
				INFOPLIST_FILE = "DATS FinderTests/Info.plist";
				LD_RUNPATH_SEARCH_PATHS = "$(inherited) @executable_path/Frameworks @loader_path/Frameworks";
				PRODUCT_NAME = "$(TARGET_NAME)";
				TEST_HOST = "$(BUILT_PRODUCTS_DIR)/DATS Finder.app/DATS Finder";
			};
			name = Release;
		};
/* End XCBuildConfiguration section */

/* Begin XCConfigurationList section */
		71110B1819DB3E5B009DD217 /* Build configuration list for PBXProject "DATS Finder" */ = {
			isa = XCConfigurationList;
			buildConfigurations = (
				71110B3A19DB3E5B009DD217 /* Debug */,
				71110B3B19DB3E5B009DD217 /* Release */,
			);
			defaultConfigurationIsVisible = 0;
			defaultConfigurationName = Release;
		};
		71110B3C19DB3E5B009DD217 /* Build configuration list for PBXNativeTarget "DATS Finder" */ = {
			isa = XCConfigurationList;
			buildConfigurations = (
				71110B3D19DB3E5B009DD217 /* Debug */,
				71110B3E19DB3E5B009DD217 /* Release */,
			);
			defaultConfigurationIsVisible = 0;
		};
		71110B3F19DB3E5B009DD217 /* Build configuration list for PBXNativeTarget "DATS FinderTests" */ = {
			isa = XCConfigurationList;
			buildConfigurations = (
				71110B4019DB3E5B009DD217 /* Debug */,
				71110B4119DB3E5B009DD217 /* Release */,
			);
			defaultConfigurationIsVisible = 0;
		};
/* End XCConfigurationList section */
	};
	rootObject = 71110B1519DB3E5B009DD217 /* Project object */;
}
